
Microsoft Visual Studio Solution File, Format Version 12.00
# Visual Studio Version 17
VisualStudioVersion = 17.0.32126.317
MinimumVisualStudioVersion = 10.0.40219.1
Project("{FAE04EC0-301F-11D3-BF4B-00C04F79EFBC}") = "AgilePlayer", "AgilePlayer\AgilePlayer.csproj", "{962C9FB0-6981-4455-B189-4F74AF505C9B}"
EndProject
Project("{FAE04EC0-301F-11D3-BF4B-00C04F79EFBC}") = "Core", "Core\Core.csproj", "{BC289508-19B2-4BCC-92B5-798A0D8BE45D}"
EndProject
Project("{FAE04EC0-301F-11D3-BF4B-00C04F79EFBC}") = "Formats", "Formats\Formats.csproj", "{CE82155B-EDE2-485F-97B4-F14715F60E3F}"
EndProject
Project("{FAE04EC0-301F-11D3-BF4B-00C04F79EFBC}") = "Renderers", "Renderers\Renderers.csproj", "{E5A23FFB-8424-46B0-9B69-BF95427C005C}"
EndProject
Project("{2150E333-8FDC-42A3-9474-1A3956D46DE8}") = "Solution Items", "Solution Items", "{5BDE073D-8281-43C1-8EB8-9BF6667AB6B5}"
	ProjectSection(SolutionItems) = preProject
		ChangeLog.txt = ChangeLog.txt
		Readme.txt = Readme.txt
	EndProjectSection
EndProject
Project("{FAE04EC0-301F-11D3-BF4B-00C04F79EFBC}") = "MLV", "MLV\MLV.csproj", "{CB876583-D5F9-4398-B399-FBE6D4AA8A51}"
EndProject
Global
	GlobalSection(SolutionConfigurationPlatforms) = preSolution
		Debug|Any CPU = Debug|Any CPU
		Debug|x64 = Debug|x64
		Debug|x86 = Debug|x86
		Release X64|Any CPU = Release X64|Any CPU
		Release X64|x64 = Release X64|x64
		Release X64|x86 = Release X64|x86
		Release X86|Any CPU = Release X86|Any CPU
		Release X86|x64 = Release X86|x64
		Release X86|x86 = Release X86|x86
		Release|Any CPU = Release|Any CPU
		Release|x64 = Release|x64
		Release|x86 = Release|x86
		x64|Any CPU = x64|Any CPU
		x64|x64 = x64|x64
		x64|x86 = x64|x86
		x86|Any CPU = x86|Any CPU
		x86|x64 = x86|x64
		x86|x86 = x86|x86
	EndGlobalSection
	GlobalSection(ProjectConfigurationPlatforms) = postSolution
		{962C9FB0-6981-4455-B189-4F74AF505C9B}.Debug|Any CPU.ActiveCfg = Debug|Any CPU
		{962C9FB0-6981-4455-B189-4F74AF505C9B}.Debug|Any CPU.Build.0 = Debug|Any CPU
		{962C9FB0-6981-4455-B189-4F74AF505C9B}.Debug|x64.ActiveCfg = Debug|Any CPU
		{962C9FB0-6981-4455-B189-4F74AF505C9B}.Debug|x64.Build.0 = Debug|Any CPU
		{962C9FB0-6981-4455-B189-4F74AF505C9B}.Debug|x86.ActiveCfg = Debug|x86
		{962C9FB0-6981-4455-B189-4F74AF505C9B}.Debug|x86.Build.0 = Debug|x86
		{962C9FB0-6981-4455-B189-4F74AF505C9B}.Release X64|Any CPU.ActiveCfg = Release|Any CPU
		{962C9FB0-6981-4455-B189-4F74AF505C9B}.Release X64|Any CPU.Build.0 = Release|Any CPU
		{962C9FB0-6981-4455-B189-4F74AF505C9B}.Release X64|x64.ActiveCfg = Release|Any CPU
		{962C9FB0-6981-4455-B189-4F74AF505C9B}.Release X64|x64.Build.0 = Release|Any CPU
		{962C9FB0-6981-4455-B189-4F74AF505C9B}.Release X64|x86.ActiveCfg = Release|x86
		{962C9FB0-6981-4455-B189-4F74AF505C9B}.Release X64|x86.Build.0 = Release|x86
		{962C9FB0-6981-4455-B189-4F74AF505C9B}.Release X86|Any CPU.ActiveCfg = Release|Any CPU
		{962C9FB0-6981-4455-B189-4F74AF505C9B}.Release X86|Any CPU.Build.0 = Release|Any CPU
		{962C9FB0-6981-4455-B189-4F74AF505C9B}.Release X86|x64.ActiveCfg = Release|Any CPU
		{962C9FB0-6981-4455-B189-4F74AF505C9B}.Release X86|x64.Build.0 = Release|Any CPU
		{962C9FB0-6981-4455-B189-4F74AF505C9B}.Release X86|x86.ActiveCfg = Release|x86
		{962C9FB0-6981-4455-B189-4F74AF505C9B}.Release X86|x86.Build.0 = Release|x86
		{962C9FB0-6981-4455-B189-4F74AF505C9B}.Release|Any CPU.ActiveCfg = Release|Any CPU
		{962C9FB0-6981-4455-B189-4F74AF505C9B}.Release|Any CPU.Build.0 = Release|Any CPU
		{962C9FB0-6981-4455-B189-4F74AF505C9B}.Release|x64.ActiveCfg = Release|Any CPU
		{962C9FB0-6981-4455-B189-4F74AF505C9B}.Release|x64.Build.0 = Release|Any CPU
		{962C9FB0-6981-4455-B189-4F74AF505C9B}.Release|x86.ActiveCfg = Release|x86
		{962C9FB0-6981-4455-B189-4F74AF505C9B}.Release|x86.Build.0 = Release|x86
		{962C9FB0-6981-4455-B189-4F74AF505C9B}.x64|Any CPU.ActiveCfg = Release|Any CPU
		{962C9FB0-6981-4455-B189-4F74AF505C9B}.x64|Any CPU.Build.0 = Release|Any CPU
		{962C9FB0-6981-4455-B189-4F74AF505C9B}.x64|x64.ActiveCfg = Release|Any CPU
		{962C9FB0-6981-4455-B189-4F74AF505C9B}.x64|x64.Build.0 = Release|Any CPU
		{962C9FB0-6981-4455-B189-4F74AF505C9B}.x64|x86.ActiveCfg = Release|x86
		{962C9FB0-6981-4455-B189-4F74AF505C9B}.x64|x86.Build.0 = Release|x86
		{962C9FB0-6981-4455-B189-4F74AF505C9B}.x86|Any CPU.ActiveCfg = Release|Any CPU
		{962C9FB0-6981-4455-B189-4F74AF505C9B}.x86|Any CPU.Build.0 = Release|Any CPU
		{962C9FB0-6981-4455-B189-4F74AF505C9B}.x86|x64.ActiveCfg = Release|Any CPU
		{962C9FB0-6981-4455-B189-4F74AF505C9B}.x86|x64.Build.0 = Release|Any CPU
		{962C9FB0-6981-4455-B189-4F74AF505C9B}.x86|x86.ActiveCfg = Release|x86
		{962C9FB0-6981-4455-B189-4F74AF505C9B}.x86|x86.Build.0 = Release|x86
		{BC289508-19B2-4BCC-92B5-798A0D8BE45D}.Debug|Any CPU.ActiveCfg = Debug|Any CPU
		{BC289508-19B2-4BCC-92B5-798A0D8BE45D}.Debug|Any CPU.Build.0 = Debug|Any CPU
		{BC289508-19B2-4BCC-92B5-798A0D8BE45D}.Debug|x64.ActiveCfg = Debug|Any CPU
		{BC289508-19B2-4BCC-92B5-798A0D8BE45D}.Debug|x64.Build.0 = Debug|Any CPU
		{BC289508-19B2-4BCC-92B5-798A0D8BE45D}.Debug|x86.ActiveCfg = Debug|x86
		{BC289508-19B2-4BCC-92B5-798A0D8BE45D}.Debug|x86.Build.0 = Debug|x86
		{BC289508-19B2-4BCC-92B5-798A0D8BE45D}.Release X64|Any CPU.ActiveCfg = Release|Any CPU
		{BC289508-19B2-4BCC-92B5-798A0D8BE45D}.Release X64|Any CPU.Build.0 = Release|Any CPU
		{BC289508-19B2-4BCC-92B5-798A0D8BE45D}.Release X64|x64.ActiveCfg = Release|Any CPU
		{BC289508-19B2-4BCC-92B5-798A0D8BE45D}.Release X64|x64.Build.0 = Release|Any CPU
		{BC289508-19B2-4BCC-92B5-798A0D8BE45D}.Release X64|x86.ActiveCfg = Release|x86
		{BC289508-19B2-4BCC-92B5-798A0D8BE45D}.Release X64|x86.Build.0 = Release|x86
		{BC289508-19B2-4BCC-92B5-798A0D8BE45D}.Release X86|Any CPU.ActiveCfg = Release|Any CPU
		{BC289508-19B2-4BCC-92B5-798A0D8BE45D}.Release X86|Any CPU.Build.0 = Release|Any CPU
		{BC289508-19B2-4BCC-92B5-798A0D8BE45D}.Release X86|x64.ActiveCfg = Release|Any CPU
		{BC289508-19B2-4BCC-92B5-798A0D8BE45D}.Release X86|x64.Build.0 = Release|Any CPU
		{BC289508-19B2-4BCC-92B5-798A0D8BE45D}.Release X86|x86.ActiveCfg = Release|x86
		{BC289508-19B2-4BCC-92B5-798A0D8BE45D}.Release X86|x86.Build.0 = Release|x86
		{BC289508-19B2-4BCC-92B5-798A0D8BE45D}.Release|Any CPU.ActiveCfg = Release|Any CPU
		{BC289508-19B2-4BCC-92B5-798A0D8BE45D}.Release|Any CPU.Build.0 = Release|Any CPU
		{BC289508-19B2-4BCC-92B5-798A0D8BE45D}.Release|x64.ActiveCfg = Release|Any CPU
		{BC289508-19B2-4BCC-92B5-798A0D8BE45D}.Release|x64.Build.0 = Release|Any CPU
		{BC289508-19B2-4BCC-92B5-798A0D8BE45D}.Release|x86.ActiveCfg = Release|x86
		{BC289508-19B2-4BCC-92B5-798A0D8BE45D}.Release|x86.Build.0 = Release|x86
		{BC289508-19B2-4BCC-92B5-798A0D8BE45D}.x64|Any CPU.ActiveCfg = Release|Any CPU
		{BC289508-19B2-4BCC-92B5-798A0D8BE45D}.x64|Any CPU.Build.0 = Release|Any CPU
		{BC289508-19B2-4BCC-92B5-798A0D8BE45D}.x64|x64.ActiveCfg = Release|Any CPU
		{BC289508-19B2-4BCC-92B5-798A0D8BE45D}.x64|x64.Build.0 = Release|Any CPU
		{BC289508-19B2-4BCC-92B5-798A0D8BE45D}.x64|x86.ActiveCfg = Release|x86
		{BC289508-19B2-4BCC-92B5-798A0D8BE45D}.x64|x86.Build.0 = Release|x86
		{BC289508-19B2-4BCC-92B5-798A0D8BE45D}.x86|Any CPU.ActiveCfg = Release|Any CPU
		{BC289508-19B2-4BCC-92B5-798A0D8BE45D}.x86|Any CPU.Build.0 = Release|Any CPU
		{BC289508-19B2-4BCC-92B5-798A0D8BE45D}.x86|x64.ActiveCfg = Release|Any CPU
		{BC289508-19B2-4BCC-92B5-798A0D8BE45D}.x86|x64.Build.0 = Release|Any CPU
		{BC289508-19B2-4BCC-92B5-798A0D8BE45D}.x86|x86.ActiveCfg = Release|x86
		{BC289508-19B2-4BCC-92B5-798A0D8BE45D}.x86|x86.Build.0 = Release|x86
		{CE82155B-EDE2-485F-97B4-F14715F60E3F}.Debug|Any CPU.ActiveCfg = Debug|Any CPU
		{CE82155B-EDE2-485F-97B4-F14715F60E3F}.Debug|Any CPU.Build.0 = Debug|Any CPU
		{CE82155B-EDE2-485F-97B4-F14715F60E3F}.Debug|x64.ActiveCfg = Debug|Any CPU
		{CE82155B-EDE2-485F-97B4-F14715F60E3F}.Debug|x64.Build.0 = Debug|Any CPU
		{CE82155B-EDE2-485F-97B4-F14715F60E3F}.Debug|x86.ActiveCfg = Debug|x86
		{CE82155B-EDE2-485F-97B4-F14715F60E3F}.Debug|x86.Build.0 = Debug|x86
		{CE82155B-EDE2-485F-97B4-F14715F60E3F}.Release X64|Any CPU.ActiveCfg = Release|Any CPU
		{CE82155B-EDE2-485F-97B4-F14715F60E3F}.Release X64|Any CPU.Build.0 = Release|Any CPU
		{CE82155B-EDE2-485F-97B4-F14715F60E3F}.Release X64|x64.ActiveCfg = Release|Any CPU
		{CE82155B-EDE2-485F-97B4-F14715F60E3F}.Release X64|x64.Build.0 = Release|Any CPU
		{CE82155B-EDE2-485F-97B4-F14715F60E3F}.Release X64|x86.ActiveCfg = Release|x86
		{CE82155B-EDE2-485F-97B4-F14715F60E3F}.Release X64|x86.Build.0 = Release|x86
		{CE82155B-EDE2-485F-97B4-F14715F60E3F}.Release X86|Any CPU.ActiveCfg = Release|Any CPU
		{CE82155B-EDE2-485F-97B4-F14715F60E3F}.Release X86|Any CPU.Build.0 = Release|Any CPU
		{CE82155B-EDE2-485F-97B4-F14715F60E3F}.Release X86|x64.ActiveCfg = Release|Any CPU
		{CE82155B-EDE2-485F-97B4-F14715F60E3F}.Release X86|x64.Build.0 = Release|Any CPU
		{CE82155B-EDE2-485F-97B4-F14715F60E3F}.Release X86|x86.ActiveCfg = Release|x86
		{CE82155B-EDE2-485F-97B4-F14715F60E3F}.Release X86|x86.Build.0 = Release|x86
		{CE82155B-EDE2-485F-97B4-F14715F60E3F}.Release|Any CPU.ActiveCfg = Release|Any CPU
		{CE82155B-EDE2-485F-97B4-F14715F60E3F}.Release|Any CPU.Build.0 = Release|Any CPU
		{CE82155B-EDE2-485F-97B4-F14715F60E3F}.Release|x64.ActiveCfg = Release|Any CPU
		{CE82155B-EDE2-485F-97B4-F14715F60E3F}.Release|x64.Build.0 = Release|Any CPU
		{CE82155B-EDE2-485F-97B4-F14715F60E3F}.Release|x86.ActiveCfg = Release|x86
		{CE82155B-EDE2-485F-97B4-F14715F60E3F}.Release|x86.Build.0 = Release|x86
		{CE82155B-EDE2-485F-97B4-F14715F60E3F}.x64|Any CPU.ActiveCfg = Release|Any CPU
		{CE82155B-EDE2-485F-97B4-F14715F60E3F}.x64|Any CPU.Build.0 = Release|Any CPU
		{CE82155B-EDE2-485F-97B4-F14715F60E3F}.x64|x64.ActiveCfg = Release|Any CPU
		{CE82155B-EDE2-485F-97B4-F14715F60E3F}.x64|x64.Build.0 = Release|Any CPU
		{CE82155B-EDE2-485F-97B4-F14715F60E3F}.x64|x86.ActiveCfg = Release|x86
		{CE82155B-EDE2-485F-97B4-F14715F60E3F}.x64|x86.Build.0 = Release|x86
		{CE82155B-EDE2-485F-97B4-F14715F60E3F}.x86|Any CPU.ActiveCfg = Release|Any CPU
		{CE82155B-EDE2-485F-97B4-F14715F60E3F}.x86|Any CPU.Build.0 = Release|Any CPU
		{CE82155B-EDE2-485F-97B4-F14715F60E3F}.x86|x64.ActiveCfg = Release|Any CPU
		{CE82155B-EDE2-485F-97B4-F14715F60E3F}.x86|x64.Build.0 = Release|Any CPU
		{CE82155B-EDE2-485F-97B4-F14715F60E3F}.x86|x86.ActiveCfg = Release|x86
		{CE82155B-EDE2-485F-97B4-F14715F60E3F}.x86|x86.Build.0 = Release|x86
		{E5A23FFB-8424-46B0-9B69-BF95427C005C}.Debug|Any CPU.ActiveCfg = Debug|Any CPU
		{E5A23FFB-8424-46B0-9B69-BF95427C005C}.Debug|Any CPU.Build.0 = Debug|Any CPU
		{E5A23FFB-8424-46B0-9B69-BF95427C005C}.Debug|x64.ActiveCfg = Debug|Any CPU
		{E5A23FFB-8424-46B0-9B69-BF95427C005C}.Debug|x64.Build.0 = Debug|Any CPU
		{E5A23FFB-8424-46B0-9B69-BF95427C005C}.Debug|x86.ActiveCfg = Debug|x86
		{E5A23FFB-8424-46B0-9B69-BF95427C005C}.Debug|x86.Build.0 = Debug|x86
		{E5A23FFB-8424-46B0-9B69-BF95427C005C}.Release X64|Any CPU.ActiveCfg = Release|Any CPU
		{E5A23FFB-8424-46B0-9B69-BF95427C005C}.Release X64|Any CPU.Build.0 = Release|Any CPU
		{E5A23FFB-8424-46B0-9B69-BF95427C005C}.Release X64|x64.ActiveCfg = Release|Any CPU
		{E5A23FFB-8424-46B0-9B69-BF95427C005C}.Release X64|x64.Build.0 = Release|Any CPU
		{E5A23FFB-8424-46B0-9B69-BF95427C005C}.Release X64|x86.ActiveCfg = Release|x86
		{E5A23FFB-8424-46B0-9B69-BF95427C005C}.Release X64|x86.Build.0 = Release|x86
		{E5A23FFB-8424-46B0-9B69-BF95427C005C}.Release X86|Any CPU.ActiveCfg = Release|Any CPU
		{E5A23FFB-8424-46B0-9B69-BF95427C005C}.Release X86|Any CPU.Build.0 = Release|Any CPU
		{E5A23FFB-8424-46B0-9B69-BF95427C005C}.Release X86|x64.ActiveCfg = Release|Any CPU
		{E5A23FFB-8424-46B0-9B69-BF95427C005C}.Release X86|x64.Build.0 = Release|Any CPU
		{E5A23FFB-8424-46B0-9B69-BF95427C005C}.Release X86|x86.ActiveCfg = Release|x86
		{E5A23FFB-8424-46B0-9B69-BF95427C005C}.Release X86|x86.Build.0 = Release|x86
		{E5A23FFB-8424-46B0-9B69-BF95427C005C}.Release|Any CPU.ActiveCfg = Release|Any CPU
		{E5A23FFB-8424-46B0-9B69-BF95427C005C}.Release|Any CPU.Build.0 = Release|Any CPU
		{E5A23FFB-8424-46B0-9B69-BF95427C005C}.Release|x64.ActiveCfg = Release|Any CPU
		{E5A23FFB-8424-46B0-9B69-BF95427C005C}.Release|x64.Build.0 = Release|Any CPU
		{E5A23FFB-8424-46B0-9B69-BF95427C005C}.Release|x86.ActiveCfg = Release|x86
		{E5A23FFB-8424-46B0-9B69-BF95427C005C}.Release|x86.Build.0 = Release|x86
		{E5A23FFB-8424-46B0-9B69-BF95427C005C}.x64|Any CPU.ActiveCfg = Release|Any CPU
		{E5A23FFB-8424-46B0-9B69-BF95427C005C}.x64|Any CPU.Build.0 = Release|Any CPU
		{E5A23FFB-8424-46B0-9B69-BF95427C005C}.x64|x64.ActiveCfg = Release|Any CPU
		{E5A23FFB-8424-46B0-9B69-BF95427C005C}.x64|x64.Build.0 = Release|Any CPU
		{E5A23FFB-8424-46B0-9B69-BF95427C005C}.x64|x86.ActiveCfg = Release|x86
		{E5A23FFB-8424-46B0-9B69-BF95427C005C}.x64|x86.Build.0 = Release|x86
		{E5A23FFB-8424-46B0-9B69-BF95427C005C}.x86|Any CPU.ActiveCfg = Release|Any CPU
		{E5A23FFB-8424-46B0-9B69-BF95427C005C}.x86|Any CPU.Build.0 = Release|Any CPU
		{E5A23FFB-8424-46B0-9B69-BF95427C005C}.x86|x64.ActiveCfg = Release|Any CPU
		{E5A23FFB-8424-46B0-9B69-BF95427C005C}.x86|x64.Build.0 = Release|Any CPU
		{E5A23FFB-8424-46B0-9B69-BF95427C005C}.x86|x86.ActiveCfg = Release|x86
		{E5A23FFB-8424-46B0-9B69-BF95427C005C}.x86|x86.Build.0 = Release|x86
		{CB876583-D5F9-4398-B399-FBE6D4AA8A51}.Debug|Any CPU.ActiveCfg = Debug|Any CPU
		{CB876583-D5F9-4398-B399-FBE6D4AA8A51}.Debug|Any CPU.Build.0 = Debug|Any CPU
		{CB876583-D5F9-4398-B399-FBE6D4AA8A51}.Debug|x64.ActiveCfg = Debug|x64
		{CB876583-D5F9-4398-B399-FBE6D4AA8A51}.Debug|x64.Build.0 = Debug|x64
		{CB876583-D5F9-4398-B399-FBE6D4AA8A51}.Debug|x86.ActiveCfg = Debug|x86
		{CB876583-D5F9-4398-B399-FBE6D4AA8A51}.Debug|x86.Build.0 = Debug|x86
		{CB876583-D5F9-4398-B399-FBE6D4AA8A51}.Release X64|Any CPU.ActiveCfg = Release X64|Any CPU
		{CB876583-D5F9-4398-B399-FBE6D4AA8A51}.Release X64|Any CPU.Build.0 = Release X64|Any CPU
		{CB876583-D5F9-4398-B399-FBE6D4AA8A51}.Release X64|x64.ActiveCfg = Release X64|x64
		{CB876583-D5F9-4398-B399-FBE6D4AA8A51}.Release X64|x64.Build.0 = Release X64|x64
		{CB876583-D5F9-4398-B399-FBE6D4AA8A51}.Release X64|x86.ActiveCfg = Release X64|x86
		{CB876583-D5F9-4398-B399-FBE6D4AA8A51}.Release X64|x86.Build.0 = Release X64|x86
		{CB876583-D5F9-4398-B399-FBE6D4AA8A51}.Release X86|Any CPU.ActiveCfg = Release X86|Any CPU
		{CB876583-D5F9-4398-B399-FBE6D4AA8A51}.Release X86|Any CPU.Build.0 = Release X86|Any CPU
		{CB876583-D5F9-4398-B399-FBE6D4AA8A51}.Release X86|x64.ActiveCfg = Release X86|x64
		{CB876583-D5F9-4398-B399-FBE6D4AA8A51}.Release X86|x64.Build.0 = Release X86|x64
		{CB876583-D5F9-4398-B399-FBE6D4AA8A51}.Release X86|x86.ActiveCfg = Release X86|x86
		{CB876583-D5F9-4398-B399-FBE6D4AA8A51}.Release X86|x86.Build.0 = Release X86|x86
		{CB876583-D5F9-4398-B399-FBE6D4AA8A51}.Release|Any CPU.ActiveCfg = Release|Any CPU
		{CB876583-D5F9-4398-B399-FBE6D4AA8A51}.Release|Any CPU.Build.0 = Release|Any CPU
		{CB876583-D5F9-4398-B399-FBE6D4AA8A51}.Release|x64.ActiveCfg = Release|x64
		{CB876583-D5F9-4398-B399-FBE6D4AA8A51}.Release|x64.Build.0 = Release|x64
		{CB876583-D5F9-4398-B399-FBE6D4AA8A51}.Release|x86.ActiveCfg = Release|x86
		{CB876583-D5F9-4398-B399-FBE6D4AA8A51}.Release|x86.Build.0 = Release|x86
		{CB876583-D5F9-4398-B399-FBE6D4AA8A51}.x64|Any CPU.ActiveCfg = x64|Any CPU
		{CB876583-D5F9-4398-B399-FBE6D4AA8A51}.x64|Any CPU.Build.0 = x64|Any CPU
		{CB876583-D5F9-4398-B399-FBE6D4AA8A51}.x64|x64.ActiveCfg = x64|x64
		{CB876583-D5F9-4398-B399-FBE6D4AA8A51}.x64|x64.Build.0 = x64|x64
		{CB876583-D5F9-4398-B399-FBE6D4AA8A51}.x64|x86.ActiveCfg = x64|x86
		{CB876583-D5F9-4398-B399-FBE6D4AA8A51}.x64|x86.Build.0 = x64|x86
		{CB876583-D5F9-4398-B399-FBE6D4AA8A51}.x86|Any CPU.ActiveCfg = x86|Any CPU
		{CB876583-D5F9-4398-B399-FBE6D4AA8A51}.x86|Any CPU.Build.0 = x86|Any CPU
		{CB876583-D5F9-4398-B399-FBE6D4AA8A51}.x86|x64.ActiveCfg = x86|x64
		{CB876583-D5F9-4398-B399-FBE6D4AA8A51}.x86|x64.Build.0 = x86|x64
		{CB876583-D5F9-4398-B399-FBE6D4AA8A51}.x86|x86.ActiveCfg = x86|x86
		{CB876583-D5F9-4398-B399-FBE6D4AA8A51}.x86|x86.Build.0 = x86|x86
	EndGlobalSection
	GlobalSection(SolutionProperties) = preSolution
		HideSolutionNode = FALSE
	EndGlobalSection
	GlobalSection(ExtensibilityGlobals) = postSolution
		SolutionGuid = {65AE66C5-737C-4072-A781-6A0C7B722471}
	EndGlobalSection
EndGlobal
